
Microsoft Visual Studio Solution File, Format Version 12.00
# Visual Studio Version 17
VisualStudioVersion = 17.8.34511.84
MinimumVisualStudioVersion = 10.0.40219.1
Project("{2150E333-8FDC-42A3-9474-1A3956D46DE8}") = "src", "src", "{F3308D3C-EB78-4640-B703-4DDBC6B6772C}"
EndProject
Project("{2150E333-8FDC-42A3-9474-1A3956D46DE8}") = "poi", "poi", "{4E45BEC5-88A1-4B15-AA8B-25DB4BC778C4}"
EndProject
Project("{2150E333-8FDC-42A3-9474-1A3956D46DE8}") = "web", "web", "{C9A73A44-2F4F-4B1F-B1F5-96B8E8825ACD}"
EndProject
Project("{9A19103F-16F7-4668-BE54-9A1E7A4F7556}") = "poi", "src\poi\web\poi.csproj", "{1F1FB19D-4236-4BA5-8AFA-F7C79B346361}"
EndProject
Project("{E53339B2-1760-4266-BCC7-CA923CBCF16C}") = "docker-compose", "docker-compose.dcproj", "{F58A74F0-07AF-455F-BC8D-0EFBA0B0E282}"
EndProject
Project("{2150E333-8FDC-42A3-9474-1A3956D46DE8}") = "tests", "tests", "{D2B902F6-5002-4E1B-BAFD-7313E1B3EF1B}"
EndProject
Project("{2150E333-8FDC-42A3-9474-1A3956D46DE8}") = "UnitTests", "UnitTests", "{5FA8F6FC-C485-4C63-8F38-82C6B201AFB5}"
EndProject
Project("{9A19103F-16F7-4668-BE54-9A1E7A4F7556}") = "UnitTests", "src\poi\tests\UnitTests\UnitTests.csproj", "{8E64F48F-7C87-4060-A296-E8D49485ACD1}"
EndProject
Project("{2150E333-8FDC-42A3-9474-1A3956D46DE8}") = "tripviewer", "tripviewer", "{2C170AA3-5FDC-48AE-A2F8-C02B4BD5540A}"
EndProject
Project("{2150E333-8FDC-42A3-9474-1A3956D46DE8}") = "web", "web", "{4B8256B9-17AC-4E69-9EA0-AF8E65975228}"
EndProject
Project("{9A19103F-16F7-4668-BE54-9A1E7A4F7556}") = "TripViewer", "src\tripviewer\web\TripViewer.csproj", "{BBF549D2-30E2-4CDD-B838-09EA6D58439A}"
EndProject
Global
	GlobalSection(SolutionConfigurationPlatforms) = preSolution
		Debug|Any CPU = Debug|Any CPU
		Release|Any CPU = Release|Any CPU
	EndGlobalSection
	GlobalSection(ProjectConfigurationPlatforms) = postSolution
		{1F1FB19D-4236-4BA5-8AFA-F7C79B346361}.Debug|Any CPU.ActiveCfg = Debug|Any CPU
		{1F1FB19D-4236-4BA5-8AFA-F7C79B346361}.Debug|Any CPU.Build.0 = Debug|Any CPU
		{1F1FB19D-4236-4BA5-8AFA-F7C79B346361}.Release|Any CPU.ActiveCfg = Release|Any CPU
		{1F1FB19D-4236-4BA5-8AFA-F7C79B346361}.Release|Any CPU.Build.0 = Release|Any CPU
		{F58A74F0-07AF-455F-BC8D-0EFBA0B0E282}.Debug|Any CPU.ActiveCfg = Debug|Any CPU
		{F58A74F0-07AF-455F-BC8D-0EFBA0B0E282}.Debug|Any CPU.Build.0 = Debug|Any CPU
		{F58A74F0-07AF-455F-BC8D-0EFBA0B0E282}.Release|Any CPU.ActiveCfg = Release|Any CPU
		{F58A74F0-07AF-455F-BC8D-0EFBA0B0E282}.Release|Any CPU.Build.0 = Release|Any CPU
		{8E64F48F-7C87-4060-A296-E8D49485ACD1}.Debug|Any CPU.ActiveCfg = Debug|Any CPU
		{8E64F48F-7C87-4060-A296-E8D49485ACD1}.Debug|Any CPU.Build.0 = Debug|Any CPU
		{8E64F48F-7C87-4060-A296-E8D49485ACD1}.Release|Any CPU.ActiveCfg = Release|Any CPU
		{8E64F48F-7C87-4060-A296-E8D49485ACD1}.Release|Any CPU.Build.0 = Release|Any CPU
		{BBF549D2-30E2-4CDD-B838-09EA6D58439A}.Debug|Any CPU.ActiveCfg = Debug|Any CPU
		{BBF549D2-30E2-4CDD-B838-09EA6D58439A}.Debug|Any CPU.Build.0 = Debug|Any CPU
		{BBF549D2-30E2-4CDD-B838-09EA6D58439A}.Release|Any CPU.ActiveCfg = Release|Any CPU
		{BBF549D2-30E2-4CDD-B838-09EA6D58439A}.Release|Any CPU.Build.0 = Release|Any CPU
	EndGlobalSection
	GlobalSection(SolutionProperties) = preSolution
		HideSolutionNode = FALSE
	EndGlobalSection
	GlobalSection(NestedProjects) = preSolution
		{4E45BEC5-88A1-4B15-AA8B-25DB4BC778C4} = {F3308D3C-EB78-4640-B703-4DDBC6B6772C}
		{C9A73A44-2F4F-4B1F-B1F5-96B8E8825ACD} = {4E45BEC5-88A1-4B15-AA8B-25DB4BC778C4}
		{1F1FB19D-4236-4BA5-8AFA-F7C79B346361} = {C9A73A44-2F4F-4B1F-B1F5-96B8E8825ACD}
		{D2B902F6-5002-4E1B-BAFD-7313E1B3EF1B} = {4E45BEC5-88A1-4B15-AA8B-25DB4BC778C4}
		{5FA8F6FC-C485-4C63-8F38-82C6B201AFB5} = {D2B902F6-5002-4E1B-BAFD-7313E1B3EF1B}
		{8E64F48F-7C87-4060-A296-E8D49485ACD1} = {5FA8F6FC-C485-4C63-8F38-82C6B201AFB5}
		{2C170AA3-5FDC-48AE-A2F8-C02B4BD5540A} = {F3308D3C-EB78-4640-B703-4DDBC6B6772C}
		{4B8256B9-17AC-4E69-9EA0-AF8E65975228} = {2C170AA3-5FDC-48AE-A2F8-C02B4BD5540A}
		{BBF549D2-30E2-4CDD-B838-09EA6D58439A} = {4B8256B9-17AC-4E69-9EA0-AF8E65975228}
	EndGlobalSection
	GlobalSection(ExtensibilityGlobals) = postSolution
		SolutionGuid = {2E0E1883-98A8-4A1D-B442-37E89FB798B8}
	EndGlobalSection
EndGlobal
